
Microsoft Visual Studio Solution File, Format Version 12.00
# Visual Studio Version 16
VisualStudioVersion = 16.0.29006.145
MinimumVisualStudioVersion = 10.0.40219.1
Project("{FAE04EC0-301F-11D3-BF4B-00C04F79EFBC}") = "json-test", "json-test\json-test.csproj", "{74BE7DD2-73A1-478D-AB2D-D88C6EE8C520}"
EndProject
Global
	GlobalSection(SolutionConfigurationPlatforms) = preSolution
		Debug|Any CPU = Debug|Any CPU
		Release|Any CPU = Release|Any CPU
	EndGlobalSection
	GlobalSection(ProjectConfigurationPlatforms) = postSolution
		{74BE7DD2-73A1-478D-AB2D-D88C6EE8C520}.Debug|Any CPU.ActiveCfg = Debug|Any CPU
		{74BE7DD2-73A1-478D-AB2D-D88C6EE8C520}.Debug|Any CPU.Build.0 = Debug|Any CPU
		{74BE7DD2-73A1-478D-AB2D-D88C6EE8C520}.Release|Any CPU.ActiveCfg = Release|Any CPU
		{74BE7DD2-73A1-478D-AB2D-D88C6EE8C520}.Release|Any CPU.Build.0 = Release|Any CPU
	EndGlobalSection
	GlobalSection(SolutionProperties) = preSolution
		HideSolutionNode = FALSE
	EndGlobalSection
	GlobalSection(ExtensibilityGlobals) = postSolution
		SolutionGuid = {337D9D5E-459B-4A31-BD66-50BDF52F2CC9}
	EndGlobalSection
EndGlobal
